
Microsoft Visual Studio Solution File, Format Version 12.00
# Visual Studio Version 17
VisualStudioVersion = 17.14.36327.8 d17.14
MinimumVisualStudioVersion = 10.0.40219.1
Project("{8BC9CEB8-8B4A-11D0-8D11-00A0C91BC942}") = "dataframe", "dataframe\dataframe.vcxproj", "{087599F8-D8BD-4913-B069-5C2ACE3E48D2}"
EndProject
Global
	GlobalSection(SolutionConfigurationPlatforms) = preSolution
		Debug|x64 = Debug|x64
		Debug|x86 = Debug|x86
		Release|x64 = Release|x64
		Release|x86 = Release|x86
	EndGlobalSection
	GlobalSection(ProjectConfigurationPlatforms) = postSolution
		{087599F8-D8BD-4913-B069-5C2ACE3E48D2}.Debug|x64.ActiveCfg = Debug|x64
		{087599F8-D8BD-4913-B069-5C2ACE3E48D2}.Debug|x64.Build.0 = Debug|x64
		{087599F8-D8BD-4913-B069-5C2ACE3E48D2}.Debug|x86.ActiveCfg = Debug|Win32
		{087599F8-D8BD-4913-B069-5C2ACE3E48D2}.Debug|x86.Build.0 = Debug|Win32
		{087599F8-D8BD-4913-B069-5C2ACE3E48D2}.Release|x64.ActiveCfg = Release|x64
		{087599F8-D8BD-4913-B069-5C2ACE3E48D2}.Release|x64.Build.0 = Release|x64
		{087599F8-D8BD-4913-B069-5C2ACE3E48D2}.Release|x86.ActiveCfg = Release|Win32
		{087599F8-D8BD-4913-B069-5C2ACE3E48D2}.Release|x86.Build.0 = Release|Win32
	EndGlobalSection
	GlobalSection(SolutionProperties) = preSolution
		HideSolutionNode = FALSE
	EndGlobalSection
	GlobalSection(ExtensibilityGlobals) = postSolution
		SolutionGuid = {2A2AAD4E-EDB8-470B-AE39-C10DD4072392}
	EndGlobalSection
EndGlobal
